
Microsoft Visual Studio Solution File, Format Version 12.00
# Visual Studio 15
VisualStudioVersion = 15.0.26124.0
MinimumVisualStudioVersion = 15.0.26124.0
Project("{9A19103F-16F7-4668-BE54-9A1E7A4F7556}") = "Backend", "Backend\Backend.csproj", "{DDFBA5DD-ED62-4137-859A-B6579AEF7792}"
EndProject
Project("{FAE04EC0-301F-11D3-BF4B-00C04F79EFBC}") = "MobileApp.Android", "MobileApp\MobileApp.Android\MobileApp.Android.csproj", "{98174A76-C411-4833-B3E2-51529A9B9BB3}"
EndProject
Project("{FAE04EC0-301F-11D3-BF4B-00C04F79EFBC}") = "MobileApp.iOS", "MobileApp\MobileApp.iOS\MobileApp.iOS.csproj", "{D38EEE1C-5E5A-48CF-923A-7784E5C4B80D}"
EndProject
Project("{FAE04EC0-301F-11D3-BF4B-00C04F79EFBC}") = "MobileApp.UWP", "MobileApp\MobileApp.UWP\MobileApp.UWP.csproj", "{619FE4E5-53FF-4489-8AD8-8E28FD61D216}"
EndProject
Project("{FAE04EC0-301F-11D3-BF4B-00C04F79EFBC}") = "MobileApp", "MobileApp\MobileApp\MobileApp.csproj", "{3F283660-46FD-4DA2-B64C-4B9A9D0AF91D}"
EndProject
Global
	GlobalSection(SolutionConfigurationPlatforms) = preSolution
		Ad-Hoc|Any CPU = Ad-Hoc|Any CPU
		Ad-Hoc|ARM = Ad-Hoc|ARM
		Ad-Hoc|iPhone = Ad-Hoc|iPhone
		Ad-Hoc|iPhoneSimulator = Ad-Hoc|iPhoneSimulator
		Ad-Hoc|x64 = Ad-Hoc|x64
		Ad-Hoc|x86 = Ad-Hoc|x86
		AppStore|Any CPU = AppStore|Any CPU
		AppStore|ARM = AppStore|ARM
		AppStore|iPhone = AppStore|iPhone
		AppStore|iPhoneSimulator = AppStore|iPhoneSimulator
		AppStore|x64 = AppStore|x64
		AppStore|x86 = AppStore|x86
		Debug|Any CPU = Debug|Any CPU
		Debug|ARM = Debug|ARM
		Debug|iPhone = Debug|iPhone
		Debug|iPhoneSimulator = Debug|iPhoneSimulator
		Debug|x64 = Debug|x64
		Debug|x86 = Debug|x86
		Release|Any CPU = Release|Any CPU
		Release|ARM = Release|ARM
		Release|iPhone = Release|iPhone
		Release|iPhoneSimulator = Release|iPhoneSimulator
		Release|x64 = Release|x64
		Release|x86 = Release|x86
	EndGlobalSection
	GlobalSection(ProjectConfigurationPlatforms) = postSolution
		{DDFBA5DD-ED62-4137-859A-B6579AEF7792}.Ad-Hoc|Any CPU.ActiveCfg = Release|Any CPU
		{DDFBA5DD-ED62-4137-859A-B6579AEF7792}.Ad-Hoc|Any CPU.Build.0 = Release|Any CPU
		{DDFBA5DD-ED62-4137-859A-B6579AEF7792}.Ad-Hoc|ARM.ActiveCfg = Release|Any CPU
		{DDFBA5DD-ED62-4137-859A-B6579AEF7792}.Ad-Hoc|ARM.Build.0 = Release|Any CPU
		{DDFBA5DD-ED62-4137-859A-B6579AEF7792}.Ad-Hoc|iPhone.ActiveCfg = Release|Any CPU
		{DDFBA5DD-ED62-4137-859A-B6579AEF7792}.Ad-Hoc|iPhone.Build.0 = Release|Any CPU
		{DDFBA5DD-ED62-4137-859A-B6579AEF7792}.Ad-Hoc|iPhoneSimulator.ActiveCfg = Release|Any CPU
		{DDFBA5DD-ED62-4137-859A-B6579AEF7792}.Ad-Hoc|iPhoneSimulator.Build.0 = Release|Any CPU
		{DDFBA5DD-ED62-4137-859A-B6579AEF7792}.Ad-Hoc|x64.ActiveCfg = Release|Any CPU
		{DDFBA5DD-ED62-4137-859A-B6579AEF7792}.Ad-Hoc|x64.Build.0 = Release|Any CPU
		{DDFBA5DD-ED62-4137-859A-B6579AEF7792}.Ad-Hoc|x86.ActiveCfg = Release|Any CPU
		{DDFBA5DD-ED62-4137-859A-B6579AEF7792}.Ad-Hoc|x86.Build.0 = Release|Any CPU
		{DDFBA5DD-ED62-4137-859A-B6579AEF7792}.AppStore|Any CPU.ActiveCfg = Release|Any CPU
		{DDFBA5DD-ED62-4137-859A-B6579AEF7792}.AppStore|Any CPU.Build.0 = Release|Any CPU
		{DDFBA5DD-ED62-4137-859A-B6579AEF7792}.AppStore|ARM.ActiveCfg = Release|Any CPU
		{DDFBA5DD-ED62-4137-859A-B6579AEF7792}.AppStore|ARM.Build.0 = Release|Any CPU
		{DDFBA5DD-ED62-4137-859A-B6579AEF7792}.AppStore|iPhone.ActiveCfg = Release|Any CPU
		{DDFBA5DD-ED62-4137-859A-B6579AEF7792}.AppStore|iPhone.Build.0 = Release|Any CPU
		{DDFBA5DD-ED62-4137-859A-B6579AEF7792}.AppStore|iPhoneSimulator.ActiveCfg = Release|Any CPU
		{DDFBA5DD-ED62-4137-859A-B6579AEF7792}.AppStore|iPhoneSimulator.Build.0 = Release|Any CPU
		{DDFBA5DD-ED62-4137-859A-B6579AEF7792}.AppStore|x64.ActiveCfg = Release|Any CPU
		{DDFBA5DD-ED62-4137-859A-B6579AEF7792}.AppStore|x64.Build.0 = Release|Any CPU
		{DDFBA5DD-ED62-4137-859A-B6579AEF7792}.AppStore|x86.ActiveCfg = Release|Any CPU
		{DDFBA5DD-ED62-4137-859A-B6579AEF7792}.AppStore|x86.Build.0 = Release|Any CPU
		{DDFBA5DD-ED62-4137-859A-B6579AEF7792}.Debug|Any CPU.ActiveCfg = Debug|Any CPU
		{DDFBA5DD-ED62-4137-859A-B6579AEF7792}.Debug|Any CPU.Build.0 = Debug|Any CPU
		{DDFBA5DD-ED62-4137-859A-B6579AEF7792}.Debug|ARM.ActiveCfg = Debug|Any CPU
		{DDFBA5DD-ED62-4137-859A-B6579AEF7792}.Debug|ARM.Build.0 = Debug|Any CPU
		{DDFBA5DD-ED62-4137-859A-B6579AEF7792}.Debug|iPhone.ActiveCfg = Debug|Any CPU
		{DDFBA5DD-ED62-4137-859A-B6579AEF7792}.Debug|iPhone.Build.0 = Debug|Any CPU
		{DDFBA5DD-ED62-4137-859A-B6579AEF7792}.Debug|iPhoneSimulator.ActiveCfg = Debug|Any CPU
		{DDFBA5DD-ED62-4137-859A-B6579AEF7792}.Debug|iPhoneSimulator.Build.0 = Debug|Any CPU
		{DDFBA5DD-ED62-4137-859A-B6579AEF7792}.Debug|x64.ActiveCfg = Debug|Any CPU
		{DDFBA5DD-ED62-4137-859A-B6579AEF7792}.Debug|x64.Build.0 = Debug|Any CPU
		{DDFBA5DD-ED62-4137-859A-B6579AEF7792}.Debug|x86.ActiveCfg = Debug|Any CPU
		{DDFBA5DD-ED62-4137-859A-B6579AEF7792}.Debug|x86.Build.0 = Debug|Any CPU
		{DDFBA5DD-ED62-4137-859A-B6579AEF7792}.Release|Any CPU.ActiveCfg = Release|Any CPU
		{DDFBA5DD-ED62-4137-859A-B6579AEF7792}.Release|Any CPU.Build.0 = Release|Any CPU
		{DDFBA5DD-ED62-4137-859A-B6579AEF7792}.Release|ARM.ActiveCfg = Release|Any CPU
		{DDFBA5DD-ED62-4137-859A-B6579AEF7792}.Release|ARM.Build.0 = Release|Any CPU
		{DDFBA5DD-ED62-4137-859A-B6579AEF7792}.Release|iPhone.ActiveCfg = Release|Any CPU
		{DDFBA5DD-ED62-4137-859A-B6579AEF7792}.Release|iPhone.Build.0 = Release|Any CPU
		{DDFBA5DD-ED62-4137-859A-B6579AEF7792}.Release|iPhoneSimulator.ActiveCfg = Release|Any CPU
		{DDFBA5DD-ED62-4137-859A-B6579AEF7792}.Release|iPhoneSimulator.Build.0 = Release|Any CPU
		{DDFBA5DD-ED62-4137-859A-B6579AEF7792}.Release|x64.ActiveCfg = Release|Any CPU
		{DDFBA5DD-ED62-4137-859A-B6579AEF7792}.Release|x64.Build.0 = Release|Any CPU
		{DDFBA5DD-ED62-4137-859A-B6579AEF7792}.Release|x86.ActiveCfg = Release|Any CPU
		{DDFBA5DD-ED62-4137-859A-B6579AEF7792}.Release|x86.Build.0 = Release|Any CPU
		{98174A76-C411-4833-B3E2-51529A9B9BB3}.Ad-Hoc|Any CPU.ActiveCfg = Release|Any CPU
		{98174A76-C411-4833-B3E2-51529A9B9BB3}.Ad-Hoc|Any CPU.Build.0 = Release|Any CPU
		{98174A76-C411-4833-B3E2-51529A9B9BB3}.Ad-Hoc|Any CPU.Deploy.0 = Release|Any CPU
		{98174A76-C411-4833-B3E2-51529A9B9BB3}.Ad-Hoc|ARM.ActiveCfg = Release|Any CPU
		{98174A76-C411-4833-B3E2-51529A9B9BB3}.Ad-Hoc|ARM.Build.0 = Release|Any CPU
		{98174A76-C411-4833-B3E2-51529A9B9BB3}.Ad-Hoc|ARM.Deploy.0 = Release|Any CPU
		{98174A76-C411-4833-B3E2-51529A9B9BB3}.Ad-Hoc|iPhone.ActiveCfg = Release|Any CPU
		{98174A76-C411-4833-B3E2-51529A9B9BB3}.Ad-Hoc|iPhone.Build.0 = Release|Any CPU
		{98174A76-C411-4833-B3E2-51529A9B9BB3}.Ad-Hoc|iPhone.Deploy.0 = Release|Any CPU
		{98174A76-C411-4833-B3E2-51529A9B9BB3}.Ad-Hoc|iPhoneSimulator.ActiveCfg = Release|Any CPU
		{98174A76-C411-4833-B3E2-51529A9B9BB3}.Ad-Hoc|iPhoneSimulator.Build.0 = Release|Any CPU
		{98174A76-C411-4833-B3E2-51529A9B9BB3}.Ad-Hoc|iPhoneSimulator.Deploy.0 = Release|Any CPU
		{98174A76-C411-4833-B3E2-51529A9B9BB3}.Ad-Hoc|x64.ActiveCfg = Release|Any CPU
		{98174A76-C411-4833-B3E2-51529A9B9BB3}.Ad-Hoc|x64.Build.0 = Release|Any CPU
		{98174A76-C411-4833-B3E2-51529A9B9BB3}.Ad-Hoc|x64.Deploy.0 = Release|Any CPU
		{98174A76-C411-4833-B3E2-51529A9B9BB3}.Ad-Hoc|x86.ActiveCfg = Release|Any CPU
		{98174A76-C411-4833-B3E2-51529A9B9BB3}.Ad-Hoc|x86.Build.0 = Release|Any CPU
		{98174A76-C411-4833-B3E2-51529A9B9BB3}.Ad-Hoc|x86.Deploy.0 = Release|Any CPU
		{98174A76-C411-4833-B3E2-51529A9B9BB3}.AppStore|Any CPU.ActiveCfg = Release|Any CPU
		{98174A76-C411-4833-B3E2-51529A9B9BB3}.AppStore|Any CPU.Build.0 = Release|Any CPU
		{98174A76-C411-4833-B3E2-51529A9B9BB3}.AppStore|Any CPU.Deploy.0 = Release|Any CPU
		{98174A76-C411-4833-B3E2-51529A9B9BB3}.AppStore|ARM.ActiveCfg = Release|Any CPU
		{98174A76-C411-4833-B3E2-51529A9B9BB3}.AppStore|ARM.Build.0 = Release|Any CPU
		{98174A76-C411-4833-B3E2-51529A9B9BB3}.AppStore|ARM.Deploy.0 = Release|Any CPU
		{98174A76-C411-4833-B3E2-51529A9B9BB3}.AppStore|iPhone.ActiveCfg = Release|Any CPU
		{98174A76-C411-4833-B3E2-51529A9B9BB3}.AppStore|iPhone.Build.0 = Release|Any CPU
		{98174A76-C411-4833-B3E2-51529A9B9BB3}.AppStore|iPhone.Deploy.0 = Release|Any CPU
		{98174A76-C411-4833-B3E2-51529A9B9BB3}.AppStore|iPhoneSimulator.ActiveCfg = Release|Any CPU
		{98174A76-C411-4833-B3E2-51529A9B9BB3}.AppStore|iPhoneSimulator.Build.0 = Release|Any CPU
		{98174A76-C411-4833-B3E2-51529A9B9BB3}.AppStore|iPhoneSimulator.Deploy.0 = Release|Any CPU
		{98174A76-C411-4833-B3E2-51529A9B9BB3}.AppStore|x64.ActiveCfg = Release|Any CPU
		{98174A76-C411-4833-B3E2-51529A9B9BB3}.AppStore|x64.Build.0 = Release|Any CPU
		{98174A76-C411-4833-B3E2-51529A9B9BB3}.AppStore|x64.Deploy.0 = Release|Any CPU
		{98174A76-C411-4833-B3E2-51529A9B9BB3}.AppStore|x86.ActiveCfg = Release|Any CPU
		{98174A76-C411-4833-B3E2-51529A9B9BB3}.AppStore|x86.Build.0 = Release|Any CPU
		{98174A76-C411-4833-B3E2-51529A9B9BB3}.AppStore|x86.Deploy.0 = Release|Any CPU
		{98174A76-C411-4833-B3E2-51529A9B9BB3}.Debug|Any CPU.ActiveCfg = Debug|Any CPU
		{98174A76-C411-4833-B3E2-51529A9B9BB3}.Debug|Any CPU.Build.0 = Debug|Any CPU
		{98174A76-C411-4833-B3E2-51529A9B9BB3}.Debug|Any CPU.Deploy.0 = Debug|Any CPU
		{98174A76-C411-4833-B3E2-51529A9B9BB3}.Debug|ARM.ActiveCfg = Debug|Any CPU
		{98174A76-C411-4833-B3E2-51529A9B9BB3}.Debug|ARM.Build.0 = Debug|Any CPU
		{98174A76-C411-4833-B3E2-51529A9B9BB3}.Debug|ARM.Deploy.0 = Debug|Any CPU
		{98174A76-C411-4833-B3E2-51529A9B9BB3}.Debug|iPhone.ActiveCfg = Debug|Any CPU
		{98174A76-C411-4833-B3E2-51529A9B9BB3}.Debug|iPhone.Build.0 = Debug|Any CPU
		{98174A76-C411-4833-B3E2-51529A9B9BB3}.Debug|iPhone.Deploy.0 = Debug|Any CPU
		{98174A76-C411-4833-B3E2-51529A9B9BB3}.Debug|iPhoneSimulator.ActiveCfg = Debug|Any CPU
		{98174A76-C411-4833-B3E2-51529A9B9BB3}.Debug|iPhoneSimulator.Build.0 = Debug|Any CPU
		{98174A76-C411-4833-B3E2-51529A9B9BB3}.Debug|iPhoneSimulator.Deploy.0 = Debug|Any CPU
		{98174A76-C411-4833-B3E2-51529A9B9BB3}.Debug|x64.ActiveCfg = Debug|Any CPU
		{98174A76-C411-4833-B3E2-51529A9B9BB3}.Debug|x64.Build.0 = Debug|Any CPU
		{98174A76-C411-4833-B3E2-51529A9B9BB3}.Debug|x64.Deploy.0 = Debug|Any CPU
		{98174A76-C411-4833-B3E2-51529A9B9BB3}.Debug|x86.ActiveCfg = Debug|Any CPU
		{98174A76-C411-4833-B3E2-51529A9B9BB3}.Debug|x86.Build.0 = Debug|Any CPU
		{98174A76-C411-4833-B3E2-51529A9B9BB3}.Debug|x86.Deploy.0 = Debug|Any CPU
		{98174A76-C411-4833-B3E2-51529A9B9BB3}.Release|Any CPU.ActiveCfg = Release|Any CPU
		{98174A76-C411-4833-B3E2-51529A9B9BB3}.Release|Any CPU.Build.0 = Release|Any CPU
		{98174A76-C411-4833-B3E2-51529A9B9BB3}.Release|Any CPU.Deploy.0 = Release|Any CPU
		{98174A76-C411-4833-B3E2-51529A9B9BB3}.Release|ARM.ActiveCfg = Release|Any CPU
		{98174A76-C411-4833-B3E2-51529A9B9BB3}.Release|ARM.Build.0 = Release|Any CPU
		{98174A76-C411-4833-B3E2-51529A9B9BB3}.Release|ARM.Deploy.0 = Release|Any CPU
		{98174A76-C411-4833-B3E2-51529A9B9BB3}.Release|iPhone.ActiveCfg = Release|Any CPU
		{98174A76-C411-4833-B3E2-51529A9B9BB3}.Release|iPhone.Build.0 = Release|Any CPU
		{98174A76-C411-4833-B3E2-51529A9B9BB3}.Release|iPhone.Deploy.0 = Release|Any CPU
		{98174A76-C411-4833-B3E2-51529A9B9BB3}.Release|iPhoneSimulator.ActiveCfg = Release|Any CPU
		{98174A76-C411-4833-B3E2-51529A9B9BB3}.Release|iPhoneSimulator.Build.0 = Release|Any CPU
		{98174A76-C411-4833-B3E2-51529A9B9BB3}.Release|iPhoneSimulator.Deploy.0 = Release|Any CPU
		{98174A76-C411-4833-B3E2-51529A9B9BB3}.Release|x64.ActiveCfg = Release|Any CPU
		{98174A76-C411-4833-B3E2-51529A9B9BB3}.Release|x64.Build.0 = Release|Any CPU
		{98174A76-C411-4833-B3E2-51529A9B9BB3}.Release|x64.Deploy.0 = Release|Any CPU
		{98174A76-C411-4833-B3E2-51529A9B9BB3}.Release|x86.ActiveCfg = Release|Any CPU
		{98174A76-C411-4833-B3E2-51529A9B9BB3}.Release|x86.Build.0 = Release|Any CPU
		{98174A76-C411-4833-B3E2-51529A9B9BB3}.Release|x86.Deploy.0 = Release|Any CPU
		{D38EEE1C-5E5A-48CF-923A-7784E5C4B80D}.Ad-Hoc|Any CPU.ActiveCfg = Ad-Hoc|iPhone
		{D38EEE1C-5E5A-48CF-923A-7784E5C4B80D}.Ad-Hoc|ARM.ActiveCfg = Ad-Hoc|iPhone
		{D38EEE1C-5E5A-48CF-923A-7784E5C4B80D}.Ad-Hoc|iPhone.ActiveCfg = Ad-Hoc|iPhone
		{D38EEE1C-5E5A-48CF-923A-7784E5C4B80D}.Ad-Hoc|iPhone.Build.0 = Ad-Hoc|iPhone
		{D38EEE1C-5E5A-48CF-923A-7784E5C4B80D}.Ad-Hoc|iPhoneSimulator.ActiveCfg = Ad-Hoc|iPhoneSimulator
		{D38EEE1C-5E5A-48CF-923A-7784E5C4B80D}.Ad-Hoc|iPhoneSimulator.Build.0 = Ad-Hoc|iPhoneSimulator
		{D38EEE1C-5E5A-48CF-923A-7784E5C4B80D}.Ad-Hoc|x64.ActiveCfg = Ad-Hoc|iPhone
		{D38EEE1C-5E5A-48CF-923A-7784E5C4B80D}.Ad-Hoc|x86.ActiveCfg = Ad-Hoc|iPhone
		{D38EEE1C-5E5A-48CF-923A-7784E5C4B80D}.AppStore|Any CPU.ActiveCfg = AppStore|iPhone
		{D38EEE1C-5E5A-48CF-923A-7784E5C4B80D}.AppStore|ARM.ActiveCfg = AppStore|iPhone
		{D38EEE1C-5E5A-48CF-923A-7784E5C4B80D}.AppStore|iPhone.ActiveCfg = AppStore|iPhone
		{D38EEE1C-5E5A-48CF-923A-7784E5C4B80D}.AppStore|iPhone.Build.0 = AppStore|iPhone
		{D38EEE1C-5E5A-48CF-923A-7784E5C4B80D}.AppStore|iPhoneSimulator.ActiveCfg = AppStore|iPhoneSimulator
		{D38EEE1C-5E5A-48CF-923A-7784E5C4B80D}.AppStore|iPhoneSimulator.Build.0 = AppStore|iPhoneSimulator
		{D38EEE1C-5E5A-48CF-923A-7784E5C4B80D}.AppStore|x64.ActiveCfg = AppStore|iPhone
		{D38EEE1C-5E5A-48CF-923A-7784E5C4B80D}.AppStore|x86.ActiveCfg = AppStore|iPhone
		{D38EEE1C-5E5A-48CF-923A-7784E5C4B80D}.Debug|Any CPU.ActiveCfg = Debug|iPhone
		{D38EEE1C-5E5A-48CF-923A-7784E5C4B80D}.Debug|ARM.ActiveCfg = Debug|iPhone
		{D38EEE1C-5E5A-48CF-923A-7784E5C4B80D}.Debug|iPhone.ActiveCfg = Debug|iPhone
		{D38EEE1C-5E5A-48CF-923A-7784E5C4B80D}.Debug|iPhone.Build.0 = Debug|iPhone
		{D38EEE1C-5E5A-48CF-923A-7784E5C4B80D}.Debug|iPhoneSimulator.ActiveCfg = Debug|iPhoneSimulator
		{D38EEE1C-5E5A-48CF-923A-7784E5C4B80D}.Debug|iPhoneSimulator.Build.0 = Debug|iPhoneSimulator
		{D38EEE1C-5E5A-48CF-923A-7784E5C4B80D}.Debug|x64.ActiveCfg = Debug|iPhone
		{D38EEE1C-5E5A-48CF-923A-7784E5C4B80D}.Debug|x86.ActiveCfg = Debug|iPhone
		{D38EEE1C-5E5A-48CF-923A-7784E5C4B80D}.Release|Any CPU.ActiveCfg = Release|iPhone
		{D38EEE1C-5E5A-48CF-923A-7784E5C4B80D}.Release|ARM.ActiveCfg = Release|iPhone
		{D38EEE1C-5E5A-48CF-923A-7784E5C4B80D}.Release|iPhone.ActiveCfg = Release|iPhone
		{D38EEE1C-5E5A-48CF-923A-7784E5C4B80D}.Release|iPhone.Build.0 = Release|iPhone
		{D38EEE1C-5E5A-48CF-923A-7784E5C4B80D}.Release|iPhoneSimulator.ActiveCfg = Release|iPhoneSimulator
		{D38EEE1C-5E5A-48CF-923A-7784E5C4B80D}.Release|iPhoneSimulator.Build.0 = Release|iPhoneSimulator
		{D38EEE1C-5E5A-48CF-923A-7784E5C4B80D}.Release|x64.ActiveCfg = Release|iPhone
		{D38EEE1C-5E5A-48CF-923A-7784E5C4B80D}.Release|x86.ActiveCfg = Release|iPhone
		{619FE4E5-53FF-4489-8AD8-8E28FD61D216}.Ad-Hoc|Any CPU.ActiveCfg = Release|x86
		{619FE4E5-53FF-4489-8AD8-8E28FD61D216}.Ad-Hoc|Any CPU.Build.0 = Release|x86
		{619FE4E5-53FF-4489-8AD8-8E28FD61D216}.Ad-Hoc|Any CPU.Deploy.0 = Release|x86
		{619FE4E5-53FF-4489-8AD8-8E28FD61D216}.Ad-Hoc|ARM.ActiveCfg = Release|ARM
		{619FE4E5-53FF-4489-8AD8-8E28FD61D216}.Ad-Hoc|ARM.Build.0 = Release|ARM
		{619FE4E5-53FF-4489-8AD8-8E28FD61D216}.Ad-Hoc|ARM.Deploy.0 = Release|ARM
		{619FE4E5-53FF-4489-8AD8-8E28FD61D216}.Ad-Hoc|iPhone.ActiveCfg = Release|x86
		{619FE4E5-53FF-4489-8AD8-8E28FD61D216}.Ad-Hoc|iPhone.Build.0 = Release|x86
		{619FE4E5-53FF-4489-8AD8-8E28FD61D216}.Ad-Hoc|iPhone.Deploy.0 = Release|x86
		{619FE4E5-53FF-4489-8AD8-8E28FD61D216}.Ad-Hoc|iPhoneSimulator.ActiveCfg = Release|x86
		{619FE4E5-53FF-4489-8AD8-8E28FD61D216}.Ad-Hoc|iPhoneSimulator.Build.0 = Release|x86
		{619FE4E5-53FF-4489-8AD8-8E28FD61D216}.Ad-Hoc|iPhoneSimulator.Deploy.0 = Release|x86
		{619FE4E5-53FF-4489-8AD8-8E28FD61D216}.Ad-Hoc|x64.ActiveCfg = Release|x64
		{619FE4E5-53FF-4489-8AD8-8E28FD61D216}.Ad-Hoc|x64.Build.0 = Release|x64
		{619FE4E5-53FF-4489-8AD8-8E28FD61D216}.Ad-Hoc|x64.Deploy.0 = Release|x64
		{619FE4E5-53FF-4489-8AD8-8E28FD61D216}.Ad-Hoc|x86.ActiveCfg = Release|x86
		{619FE4E5-53FF-4489-8AD8-8E28FD61D216}.Ad-Hoc|x86.Build.0 = Release|x86
		{619FE4E5-53FF-4489-8AD8-8E28FD61D216}.Ad-Hoc|x86.Deploy.0 = Release|x86
		{619FE4E5-53FF-4489-8AD8-8E28FD61D216}.AppStore|Any CPU.ActiveCfg = Release|x86
		{619FE4E5-53FF-4489-8AD8-8E28FD61D216}.AppStore|Any CPU.Build.0 = Release|x86
		{619FE4E5-53FF-4489-8AD8-8E28FD61D216}.AppStore|Any CPU.Deploy.0 = Release|x86
		{619FE4E5-53FF-4489-8AD8-8E28FD61D216}.AppStore|ARM.ActiveCfg = Release|ARM
		{619FE4E5-53FF-4489-8AD8-8E28FD61D216}.AppStore|ARM.Build.0 = Release|ARM
		{619FE4E5-53FF-4489-8AD8-8E28FD61D216}.AppStore|ARM.Deploy.0 = Release|ARM
		{619FE4E5-53FF-4489-8AD8-8E28FD61D216}.AppStore|iPhone.ActiveCfg = Release|x86
		{619FE4E5-53FF-4489-8AD8-8E28FD61D216}.AppStore|iPhone.Build.0 = Release|x86
		{619FE4E5-53FF-4489-8AD8-8E28FD61D216}.AppStore|iPhone.Deploy.0 = Release|x86
		{619FE4E5-53FF-4489-8AD8-8E28FD61D216}.AppStore|iPhoneSimulator.ActiveCfg = Release|x86
		{619FE4E5-53FF-4489-8AD8-8E28FD61D216}.AppStore|iPhoneSimulator.Build.0 = Release|x86
		{619FE4E5-53FF-4489-8AD8-8E28FD61D216}.AppStore|iPhoneSimulator.Deploy.0 = Release|x86
		{619FE4E5-53FF-4489-8AD8-8E28FD61D216}.AppStore|x64.ActiveCfg = Release|x64
		{619FE4E5-53FF-4489-8AD8-8E28FD61D216}.AppStore|x64.Build.0 = Release|x64
		{619FE4E5-53FF-4489-8AD8-8E28FD61D216}.AppStore|x64.Deploy.0 = Release|x64
		{619FE4E5-53FF-4489-8AD8-8E28FD61D216}.AppStore|x86.ActiveCfg = Release|x86
		{619FE4E5-53FF-4489-8AD8-8E28FD61D216}.AppStore|x86.Build.0 = Release|x86
		{619FE4E5-53FF-4489-8AD8-8E28FD61D216}.AppStore|x86.Deploy.0 = Release|x86
		{619FE4E5-53FF-4489-8AD8-8E28FD61D216}.Debug|Any CPU.ActiveCfg = Debug|x86
		{619FE4E5-53FF-4489-8AD8-8E28FD61D216}.Debug|ARM.ActiveCfg = Debug|ARM
		{619FE4E5-53FF-4489-8AD8-8E28FD61D216}.Debug|ARM.Build.0 = Debug|ARM
		{619FE4E5-53FF-4489-8AD8-8E28FD61D216}.Debug|ARM.Deploy.0 = Debug|ARM
		{619FE4E5-53FF-4489-8AD8-8E28FD61D216}.Debug|iPhone.ActiveCfg = Debug|x86
		{619FE4E5-53FF-4489-8AD8-8E28FD61D216}.Debug|iPhoneSimulator.ActiveCfg = Debug|x86
		{619FE4E5-53FF-4489-8AD8-8E28FD61D216}.Debug|x64.ActiveCfg = Debug|x64
		{619FE4E5-53FF-4489-8AD8-8E28FD61D216}.Debug|x64.Build.0 = Debug|x64
		{619FE4E5-53FF-4489-8AD8-8E28FD61D216}.Debug|x64.Deploy.0 = Debug|x64
		{619FE4E5-53FF-4489-8AD8-8E28FD61D216}.Debug|x86.ActiveCfg = Debug|x86
		{619FE4E5-53FF-4489-8AD8-8E28FD61D216}.Debug|x86.Build.0 = Debug|x86
		{619FE4E5-53FF-4489-8AD8-8E28FD61D216}.Debug|x86.Deploy.0 = Debug|x86
		{619FE4E5-53FF-4489-8AD8-8E28FD61D216}.Release|Any CPU.ActiveCfg = Release|x86
		{619FE4E5-53FF-4489-8AD8-8E28FD61D216}.Release|ARM.ActiveCfg = Release|ARM
		{619FE4E5-53FF-4489-8AD8-8E28FD61D216}.Release|ARM.Build.0 = Release|ARM
		{619FE4E5-53FF-4489-8AD8-8E28FD61D216}.Release|ARM.Deploy.0 = Release|ARM
		{619FE4E5-53FF-4489-8AD8-8E28FD61D216}.Release|iPhone.ActiveCfg = Release|x86
		{619FE4E5-53FF-4489-8AD8-8E28FD61D216}.Release|iPhoneSimulator.ActiveCfg = Release|x86
		{619FE4E5-53FF-4489-8AD8-8E28FD61D216}.Release|x64.ActiveCfg = Release|x64
		{619FE4E5-53FF-4489-8AD8-8E28FD61D216}.Release|x64.Build.0 = Release|x64
		{619FE4E5-53FF-4489-8AD8-8E28FD61D216}.Release|x64.Deploy.0 = Release|x64
		{619FE4E5-53FF-4489-8AD8-8E28FD61D216}.Release|x86.ActiveCfg = Release|x86
		{619FE4E5-53FF-4489-8AD8-8E28FD61D216}.Release|x86.Build.0 = Release|x86
		{619FE4E5-53FF-4489-8AD8-8E28FD61D216}.Release|x86.Deploy.0 = Release|x86
		{3F283660-46FD-4DA2-B64C-4B9A9D0AF91D}.Ad-Hoc|Any CPU.ActiveCfg = Debug|Any CPU
		{3F283660-46FD-4DA2-B64C-4B9A9D0AF91D}.Ad-Hoc|Any CPU.Build.0 = Debug|Any CPU
		{3F283660-46FD-4DA2-B64C-4B9A9D0AF91D}.Ad-Hoc|ARM.ActiveCfg = Debug|Any CPU
		{3F283660-46FD-4DA2-B64C-4B9A9D0AF91D}.Ad-Hoc|ARM.Build.0 = Debug|Any CPU
		{3F283660-46FD-4DA2-B64C-4B9A9D0AF91D}.Ad-Hoc|iPhone.ActiveCfg = Debug|Any CPU
		{3F283660-46FD-4DA2-B64C-4B9A9D0AF91D}.Ad-Hoc|iPhone.Build.0 = Debug|Any CPU
		{3F283660-46FD-4DA2-B64C-4B9A9D0AF91D}.Ad-Hoc|iPhoneSimulator.ActiveCfg = Debug|Any CPU
		{3F283660-46FD-4DA2-B64C-4B9A9D0AF91D}.Ad-Hoc|iPhoneSimulator.Build.0 = Debug|Any CPU
		{3F283660-46FD-4DA2-B64C-4B9A9D0AF91D}.Ad-Hoc|x64.ActiveCfg = Debug|Any CPU
		{3F283660-46FD-4DA2-B64C-4B9A9D0AF91D}.Ad-Hoc|x64.Build.0 = Debug|Any CPU
		{3F283660-46FD-4DA2-B64C-4B9A9D0AF91D}.Ad-Hoc|x86.ActiveCfg = Debug|Any CPU
		{3F283660-46FD-4DA2-B64C-4B9A9D0AF91D}.Ad-Hoc|x86.Build.0 = Debug|Any CPU
		{3F283660-46FD-4DA2-B64C-4B9A9D0AF91D}.AppStore|Any CPU.ActiveCfg = Debug|Any CPU
		{3F283660-46FD-4DA2-B64C-4B9A9D0AF91D}.AppStore|Any CPU.Build.0 = Debug|Any CPU
		{3F283660-46FD-4DA2-B64C-4B9A9D0AF91D}.AppStore|ARM.ActiveCfg = Debug|Any CPU
		{3F283660-46FD-4DA2-B64C-4B9A9D0AF91D}.AppStore|ARM.Build.0 = Debug|Any CPU
		{3F283660-46FD-4DA2-B64C-4B9A9D0AF91D}.AppStore|iPhone.ActiveCfg = Debug|Any CPU
		{3F283660-46FD-4DA2-B64C-4B9A9D0AF91D}.AppStore|iPhone.Build.0 = Debug|Any CPU
		{3F283660-46FD-4DA2-B64C-4B9A9D0AF91D}.AppStore|iPhoneSimulator.ActiveCfg = Debug|Any CPU
		{3F283660-46FD-4DA2-B64C-4B9A9D0AF91D}.AppStore|iPhoneSimulator.Build.0 = Debug|Any CPU
		{3F283660-46FD-4DA2-B64C-4B9A9D0AF91D}.AppStore|x64.ActiveCfg = Debug|Any CPU
		{3F283660-46FD-4DA2-B64C-4B9A9D0AF91D}.AppStore|x64.Build.0 = Debug|Any CPU
		{3F283660-46FD-4DA2-B64C-4B9A9D0AF91D}.AppStore|x86.ActiveCfg = Debug|Any CPU
		{3F283660-46FD-4DA2-B64C-4B9A9D0AF91D}.AppStore|x86.Build.0 = Debug|Any CPU
		{3F283660-46FD-4DA2-B64C-4B9A9D0AF91D}.Debug|Any CPU.ActiveCfg = Debug|Any CPU
		{3F283660-46FD-4DA2-B64C-4B9A9D0AF91D}.Debug|Any CPU.Build.0 = Debug|Any CPU
		{3F283660-46FD-4DA2-B64C-4B9A9D0AF91D}.Debug|ARM.ActiveCfg = Debug|Any CPU
		{3F283660-46FD-4DA2-B64C-4B9A9D0AF91D}.Debug|ARM.Build.0 = Debug|Any CPU
		{3F283660-46FD-4DA2-B64C-4B9A9D0AF91D}.Debug|iPhone.ActiveCfg = Debug|Any CPU
		{3F283660-46FD-4DA2-B64C-4B9A9D0AF91D}.Debug|iPhone.Build.0 = Debug|Any CPU
		{3F283660-46FD-4DA2-B64C-4B9A9D0AF91D}.Debug|iPhoneSimulator.ActiveCfg = Debug|Any CPU
		{3F283660-46FD-4DA2-B64C-4B9A9D0AF91D}.Debug|iPhoneSimulator.Build.0 = Debug|Any CPU
		{3F283660-46FD-4DA2-B64C-4B9A9D0AF91D}.Debug|x64.ActiveCfg = Debug|Any CPU
		{3F283660-46FD-4DA2-B64C-4B9A9D0AF91D}.Debug|x64.Build.0 = Debug|Any CPU
		{3F283660-46FD-4DA2-B64C-4B9A9D0AF91D}.Debug|x86.ActiveCfg = Debug|Any CPU
		{3F283660-46FD-4DA2-B64C-4B9A9D0AF91D}.Debug|x86.Build.0 = Debug|Any CPU
		{3F283660-46FD-4DA2-B64C-4B9A9D0AF91D}.Release|Any CPU.ActiveCfg = Release|Any CPU
		{3F283660-46FD-4DA2-B64C-4B9A9D0AF91D}.Release|Any CPU.Build.0 = Release|Any CPU
		{3F283660-46FD-4DA2-B64C-4B9A9D0AF91D}.Release|ARM.ActiveCfg = Release|Any CPU
		{3F283660-46FD-4DA2-B64C-4B9A9D0AF91D}.Release|ARM.Build.0 = Release|Any CPU
		{3F283660-46FD-4DA2-B64C-4B9A9D0AF91D}.Release|iPhone.ActiveCfg = Release|Any CPU
		{3F283660-46FD-4DA2-B64C-4B9A9D0AF91D}.Release|iPhone.Build.0 = Release|Any CPU
		{3F283660-46FD-4DA2-B64C-4B9A9D0AF91D}.Release|iPhoneSimulator.ActiveCfg = Release|Any CPU
		{3F283660-46FD-4DA2-B64C-4B9A9D0AF91D}.Release|iPhoneSimulator.Build.0 = Release|Any CPU
		{3F283660-46FD-4DA2-B64C-4B9A9D0AF91D}.Release|x64.ActiveCfg = Release|Any CPU
		{3F283660-46FD-4DA2-B64C-4B9A9D0AF91D}.Release|x64.Build.0 = Release|Any CPU
		{3F283660-46FD-4DA2-B64C-4B9A9D0AF91D}.Release|x86.ActiveCfg = Release|Any CPU
		{3F283660-46FD-4DA2-B64C-4B9A9D0AF91D}.Release|x86.Build.0 = Release|Any CPU
	EndGlobalSection
	GlobalSection(SolutionProperties) = preSolution
		HideSolutionNode = FALSE
	EndGlobalSection
	GlobalSection(ExtensibilityGlobals) = postSolution
		SolutionGuid = {AA78BC46-2505-42B6-A56B-D7B22A22D486}
	EndGlobalSection
EndGlobal
