
Microsoft Visual Studio Solution File, Format Version 12.00
# Visual Studio 15
VisualStudioVersion = 15.0.27130.2036
MinimumVisualStudioVersion = 10.0.40219.1
Project("{FAE04EC0-301F-11D3-BF4B-00C04F79EFBC}") = "BadmintonClub.Android", "BadmintonClub\BadmintonClub.Android\BadmintonClub.Android.csproj", "{B3F83A95-EF5C-47AF-AD55-E5C856514D13}"
EndProject
Project("{FAE04EC0-301F-11D3-BF4B-00C04F79EFBC}") = "BadmintonClub.iOS", "BadmintonClub\BadmintonClub.iOS\BadmintonClub.iOS.csproj", "{D8362042-D1E5-4C6C-8803-19BDA35A575A}"
EndProject
Project("{FAE04EC0-301F-11D3-BF4B-00C04F79EFBC}") = "BadmintonClub.UWP", "BadmintonClub\BadmintonClub.UWP\BadmintonClub.UWP.csproj", "{E76DD4DC-2558-4554-B15F-885DDC60566A}"
EndProject
Project("{9A19103F-16F7-4668-BE54-9A1E7A4F7556}") = "BadmintonClub", "BadmintonClub\BadmintonClub\BadmintonClub.csproj", "{EBFBE641-281C-4AFB-9CCB-DE63E1DF8695}"
EndProject
Project("{FAE04EC0-301F-11D3-BF4B-00C04F79EFBC}") = "Azure Backend (ASP.NET)", "BadmintonClub\Azure Backend (ASP.NET)\Azure Backend (ASP.NET).csproj", "{209FA716-A7AD-4095-BD70-C8710FC66FA7}"
EndProject
Global
	GlobalSection(SolutionConfigurationPlatforms) = preSolution
		Ad-Hoc|Any CPU = Ad-Hoc|Any CPU
		Ad-Hoc|ARM = Ad-Hoc|ARM
		Ad-Hoc|iPhone = Ad-Hoc|iPhone
		Ad-Hoc|iPhoneSimulator = Ad-Hoc|iPhoneSimulator
		Ad-Hoc|x64 = Ad-Hoc|x64
		Ad-Hoc|x86 = Ad-Hoc|x86
		AppStore|Any CPU = AppStore|Any CPU
		AppStore|ARM = AppStore|ARM
		AppStore|iPhone = AppStore|iPhone
		AppStore|iPhoneSimulator = AppStore|iPhoneSimulator
		AppStore|x64 = AppStore|x64
		AppStore|x86 = AppStore|x86
		Debug|Any CPU = Debug|Any CPU
		Debug|ARM = Debug|ARM
		Debug|iPhone = Debug|iPhone
		Debug|iPhoneSimulator = Debug|iPhoneSimulator
		Debug|x64 = Debug|x64
		Debug|x86 = Debug|x86
		Release|Any CPU = Release|Any CPU
		Release|ARM = Release|ARM
		Release|iPhone = Release|iPhone
		Release|iPhoneSimulator = Release|iPhoneSimulator
		Release|x64 = Release|x64
		Release|x86 = Release|x86
	EndGlobalSection
	GlobalSection(ProjectConfigurationPlatforms) = postSolution
		{B3F83A95-EF5C-47AF-AD55-E5C856514D13}.Ad-Hoc|Any CPU.ActiveCfg = Release|Any CPU
		{B3F83A95-EF5C-47AF-AD55-E5C856514D13}.Ad-Hoc|Any CPU.Build.0 = Release|Any CPU
		{B3F83A95-EF5C-47AF-AD55-E5C856514D13}.Ad-Hoc|Any CPU.Deploy.0 = Release|Any CPU
		{B3F83A95-EF5C-47AF-AD55-E5C856514D13}.Ad-Hoc|ARM.ActiveCfg = Release|Any CPU
		{B3F83A95-EF5C-47AF-AD55-E5C856514D13}.Ad-Hoc|ARM.Build.0 = Release|Any CPU
		{B3F83A95-EF5C-47AF-AD55-E5C856514D13}.Ad-Hoc|ARM.Deploy.0 = Release|Any CPU
		{B3F83A95-EF5C-47AF-AD55-E5C856514D13}.Ad-Hoc|iPhone.ActiveCfg = Release|Any CPU
		{B3F83A95-EF5C-47AF-AD55-E5C856514D13}.Ad-Hoc|iPhone.Build.0 = Release|Any CPU
		{B3F83A95-EF5C-47AF-AD55-E5C856514D13}.Ad-Hoc|iPhone.Deploy.0 = Release|Any CPU
		{B3F83A95-EF5C-47AF-AD55-E5C856514D13}.Ad-Hoc|iPhoneSimulator.ActiveCfg = Release|Any CPU
		{B3F83A95-EF5C-47AF-AD55-E5C856514D13}.Ad-Hoc|iPhoneSimulator.Build.0 = Release|Any CPU
		{B3F83A95-EF5C-47AF-AD55-E5C856514D13}.Ad-Hoc|iPhoneSimulator.Deploy.0 = Release|Any CPU
		{B3F83A95-EF5C-47AF-AD55-E5C856514D13}.Ad-Hoc|x64.ActiveCfg = Release|Any CPU
		{B3F83A95-EF5C-47AF-AD55-E5C856514D13}.Ad-Hoc|x64.Build.0 = Release|Any CPU
		{B3F83A95-EF5C-47AF-AD55-E5C856514D13}.Ad-Hoc|x64.Deploy.0 = Release|Any CPU
		{B3F83A95-EF5C-47AF-AD55-E5C856514D13}.Ad-Hoc|x86.ActiveCfg = Release|Any CPU
		{B3F83A95-EF5C-47AF-AD55-E5C856514D13}.Ad-Hoc|x86.Build.0 = Release|Any CPU
		{B3F83A95-EF5C-47AF-AD55-E5C856514D13}.Ad-Hoc|x86.Deploy.0 = Release|Any CPU
		{B3F83A95-EF5C-47AF-AD55-E5C856514D13}.AppStore|Any CPU.ActiveCfg = Release|Any CPU
		{B3F83A95-EF5C-47AF-AD55-E5C856514D13}.AppStore|Any CPU.Build.0 = Release|Any CPU
		{B3F83A95-EF5C-47AF-AD55-E5C856514D13}.AppStore|Any CPU.Deploy.0 = Release|Any CPU
		{B3F83A95-EF5C-47AF-AD55-E5C856514D13}.AppStore|ARM.ActiveCfg = Release|Any CPU
		{B3F83A95-EF5C-47AF-AD55-E5C856514D13}.AppStore|ARM.Build.0 = Release|Any CPU
		{B3F83A95-EF5C-47AF-AD55-E5C856514D13}.AppStore|ARM.Deploy.0 = Release|Any CPU
		{B3F83A95-EF5C-47AF-AD55-E5C856514D13}.AppStore|iPhone.ActiveCfg = Release|Any CPU
		{B3F83A95-EF5C-47AF-AD55-E5C856514D13}.AppStore|iPhone.Build.0 = Release|Any CPU
		{B3F83A95-EF5C-47AF-AD55-E5C856514D13}.AppStore|iPhone.Deploy.0 = Release|Any CPU
		{B3F83A95-EF5C-47AF-AD55-E5C856514D13}.AppStore|iPhoneSimulator.ActiveCfg = Release|Any CPU
		{B3F83A95-EF5C-47AF-AD55-E5C856514D13}.AppStore|iPhoneSimulator.Build.0 = Release|Any CPU
		{B3F83A95-EF5C-47AF-AD55-E5C856514D13}.AppStore|iPhoneSimulator.Deploy.0 = Release|Any CPU
		{B3F83A95-EF5C-47AF-AD55-E5C856514D13}.AppStore|x64.ActiveCfg = Release|Any CPU
		{B3F83A95-EF5C-47AF-AD55-E5C856514D13}.AppStore|x64.Build.0 = Release|Any CPU
		{B3F83A95-EF5C-47AF-AD55-E5C856514D13}.AppStore|x64.Deploy.0 = Release|Any CPU
		{B3F83A95-EF5C-47AF-AD55-E5C856514D13}.AppStore|x86.ActiveCfg = Release|Any CPU
		{B3F83A95-EF5C-47AF-AD55-E5C856514D13}.AppStore|x86.Build.0 = Release|Any CPU
		{B3F83A95-EF5C-47AF-AD55-E5C856514D13}.AppStore|x86.Deploy.0 = Release|Any CPU
		{B3F83A95-EF5C-47AF-AD55-E5C856514D13}.Debug|Any CPU.ActiveCfg = Debug|Any CPU
		{B3F83A95-EF5C-47AF-AD55-E5C856514D13}.Debug|Any CPU.Build.0 = Debug|Any CPU
		{B3F83A95-EF5C-47AF-AD55-E5C856514D13}.Debug|Any CPU.Deploy.0 = Debug|Any CPU
		{B3F83A95-EF5C-47AF-AD55-E5C856514D13}.Debug|ARM.ActiveCfg = Debug|Any CPU
		{B3F83A95-EF5C-47AF-AD55-E5C856514D13}.Debug|ARM.Build.0 = Debug|Any CPU
		{B3F83A95-EF5C-47AF-AD55-E5C856514D13}.Debug|ARM.Deploy.0 = Debug|Any CPU
		{B3F83A95-EF5C-47AF-AD55-E5C856514D13}.Debug|iPhone.ActiveCfg = Debug|Any CPU
		{B3F83A95-EF5C-47AF-AD55-E5C856514D13}.Debug|iPhone.Build.0 = Debug|Any CPU
		{B3F83A95-EF5C-47AF-AD55-E5C856514D13}.Debug|iPhone.Deploy.0 = Debug|Any CPU
		{B3F83A95-EF5C-47AF-AD55-E5C856514D13}.Debug|iPhoneSimulator.ActiveCfg = Debug|Any CPU
		{B3F83A95-EF5C-47AF-AD55-E5C856514D13}.Debug|iPhoneSimulator.Build.0 = Debug|Any CPU
		{B3F83A95-EF5C-47AF-AD55-E5C856514D13}.Debug|iPhoneSimulator.Deploy.0 = Debug|Any CPU
		{B3F83A95-EF5C-47AF-AD55-E5C856514D13}.Debug|x64.ActiveCfg = Debug|Any CPU
		{B3F83A95-EF5C-47AF-AD55-E5C856514D13}.Debug|x64.Build.0 = Debug|Any CPU
		{B3F83A95-EF5C-47AF-AD55-E5C856514D13}.Debug|x64.Deploy.0 = Debug|Any CPU
		{B3F83A95-EF5C-47AF-AD55-E5C856514D13}.Debug|x86.ActiveCfg = Debug|Any CPU
		{B3F83A95-EF5C-47AF-AD55-E5C856514D13}.Debug|x86.Build.0 = Debug|Any CPU
		{B3F83A95-EF5C-47AF-AD55-E5C856514D13}.Debug|x86.Deploy.0 = Debug|Any CPU
		{B3F83A95-EF5C-47AF-AD55-E5C856514D13}.Release|Any CPU.ActiveCfg = Release|Any CPU
		{B3F83A95-EF5C-47AF-AD55-E5C856514D13}.Release|Any CPU.Build.0 = Release|Any CPU
		{B3F83A95-EF5C-47AF-AD55-E5C856514D13}.Release|Any CPU.Deploy.0 = Release|Any CPU
		{B3F83A95-EF5C-47AF-AD55-E5C856514D13}.Release|ARM.ActiveCfg = Release|Any CPU
		{B3F83A95-EF5C-47AF-AD55-E5C856514D13}.Release|ARM.Build.0 = Release|Any CPU
		{B3F83A95-EF5C-47AF-AD55-E5C856514D13}.Release|ARM.Deploy.0 = Release|Any CPU
		{B3F83A95-EF5C-47AF-AD55-E5C856514D13}.Release|iPhone.ActiveCfg = Release|Any CPU
		{B3F83A95-EF5C-47AF-AD55-E5C856514D13}.Release|iPhone.Build.0 = Release|Any CPU
		{B3F83A95-EF5C-47AF-AD55-E5C856514D13}.Release|iPhone.Deploy.0 = Release|Any CPU
		{B3F83A95-EF5C-47AF-AD55-E5C856514D13}.Release|iPhoneSimulator.ActiveCfg = Release|Any CPU
		{B3F83A95-EF5C-47AF-AD55-E5C856514D13}.Release|iPhoneSimulator.Build.0 = Release|Any CPU
		{B3F83A95-EF5C-47AF-AD55-E5C856514D13}.Release|iPhoneSimulator.Deploy.0 = Release|Any CPU
		{B3F83A95-EF5C-47AF-AD55-E5C856514D13}.Release|x64.ActiveCfg = Release|Any CPU
		{B3F83A95-EF5C-47AF-AD55-E5C856514D13}.Release|x64.Build.0 = Release|Any CPU
		{B3F83A95-EF5C-47AF-AD55-E5C856514D13}.Release|x64.Deploy.0 = Release|Any CPU
		{B3F83A95-EF5C-47AF-AD55-E5C856514D13}.Release|x86.ActiveCfg = Release|Any CPU
		{B3F83A95-EF5C-47AF-AD55-E5C856514D13}.Release|x86.Build.0 = Release|Any CPU
		{B3F83A95-EF5C-47AF-AD55-E5C856514D13}.Release|x86.Deploy.0 = Release|Any CPU
		{D8362042-D1E5-4C6C-8803-19BDA35A575A}.Ad-Hoc|Any CPU.ActiveCfg = Ad-Hoc|iPhone
		{D8362042-D1E5-4C6C-8803-19BDA35A575A}.Ad-Hoc|ARM.ActiveCfg = Ad-Hoc|iPhone
		{D8362042-D1E5-4C6C-8803-19BDA35A575A}.Ad-Hoc|iPhone.ActiveCfg = Ad-Hoc|iPhone
		{D8362042-D1E5-4C6C-8803-19BDA35A575A}.Ad-Hoc|iPhone.Build.0 = Ad-Hoc|iPhone
		{D8362042-D1E5-4C6C-8803-19BDA35A575A}.Ad-Hoc|iPhoneSimulator.ActiveCfg = Ad-Hoc|iPhoneSimulator
		{D8362042-D1E5-4C6C-8803-19BDA35A575A}.Ad-Hoc|iPhoneSimulator.Build.0 = Ad-Hoc|iPhoneSimulator
		{D8362042-D1E5-4C6C-8803-19BDA35A575A}.Ad-Hoc|x64.ActiveCfg = Ad-Hoc|iPhone
		{D8362042-D1E5-4C6C-8803-19BDA35A575A}.Ad-Hoc|x86.ActiveCfg = Ad-Hoc|iPhone
		{D8362042-D1E5-4C6C-8803-19BDA35A575A}.AppStore|Any CPU.ActiveCfg = AppStore|iPhone
		{D8362042-D1E5-4C6C-8803-19BDA35A575A}.AppStore|ARM.ActiveCfg = AppStore|iPhone
		{D8362042-D1E5-4C6C-8803-19BDA35A575A}.AppStore|iPhone.ActiveCfg = AppStore|iPhone
		{D8362042-D1E5-4C6C-8803-19BDA35A575A}.AppStore|iPhone.Build.0 = AppStore|iPhone
		{D8362042-D1E5-4C6C-8803-19BDA35A575A}.AppStore|iPhoneSimulator.ActiveCfg = AppStore|iPhoneSimulator
		{D8362042-D1E5-4C6C-8803-19BDA35A575A}.AppStore|iPhoneSimulator.Build.0 = AppStore|iPhoneSimulator
		{D8362042-D1E5-4C6C-8803-19BDA35A575A}.AppStore|x64.ActiveCfg = AppStore|iPhone
		{D8362042-D1E5-4C6C-8803-19BDA35A575A}.AppStore|x86.ActiveCfg = AppStore|iPhone
		{D8362042-D1E5-4C6C-8803-19BDA35A575A}.Debug|Any CPU.ActiveCfg = Debug|iPhone
		{D8362042-D1E5-4C6C-8803-19BDA35A575A}.Debug|ARM.ActiveCfg = Debug|iPhone
		{D8362042-D1E5-4C6C-8803-19BDA35A575A}.Debug|iPhone.ActiveCfg = Debug|iPhone
		{D8362042-D1E5-4C6C-8803-19BDA35A575A}.Debug|iPhone.Build.0 = Debug|iPhone
		{D8362042-D1E5-4C6C-8803-19BDA35A575A}.Debug|iPhoneSimulator.ActiveCfg = Debug|iPhoneSimulator
		{D8362042-D1E5-4C6C-8803-19BDA35A575A}.Debug|iPhoneSimulator.Build.0 = Debug|iPhoneSimulator
		{D8362042-D1E5-4C6C-8803-19BDA35A575A}.Debug|x64.ActiveCfg = Debug|iPhone
		{D8362042-D1E5-4C6C-8803-19BDA35A575A}.Debug|x86.ActiveCfg = Debug|iPhone
		{D8362042-D1E5-4C6C-8803-19BDA35A575A}.Release|Any CPU.ActiveCfg = Release|iPhone
		{D8362042-D1E5-4C6C-8803-19BDA35A575A}.Release|ARM.ActiveCfg = Release|iPhone
		{D8362042-D1E5-4C6C-8803-19BDA35A575A}.Release|iPhone.ActiveCfg = Release|iPhone
		{D8362042-D1E5-4C6C-8803-19BDA35A575A}.Release|iPhone.Build.0 = Release|iPhone
		{D8362042-D1E5-4C6C-8803-19BDA35A575A}.Release|iPhoneSimulator.ActiveCfg = Release|iPhoneSimulator
		{D8362042-D1E5-4C6C-8803-19BDA35A575A}.Release|iPhoneSimulator.Build.0 = Release|iPhoneSimulator
		{D8362042-D1E5-4C6C-8803-19BDA35A575A}.Release|x64.ActiveCfg = Release|iPhone
		{D8362042-D1E5-4C6C-8803-19BDA35A575A}.Release|x86.ActiveCfg = Release|iPhone
		{E76DD4DC-2558-4554-B15F-885DDC60566A}.Ad-Hoc|Any CPU.ActiveCfg = Release|x86
		{E76DD4DC-2558-4554-B15F-885DDC60566A}.Ad-Hoc|Any CPU.Build.0 = Release|x86
		{E76DD4DC-2558-4554-B15F-885DDC60566A}.Ad-Hoc|Any CPU.Deploy.0 = Release|x86
		{E76DD4DC-2558-4554-B15F-885DDC60566A}.Ad-Hoc|ARM.ActiveCfg = Release|ARM
		{E76DD4DC-2558-4554-B15F-885DDC60566A}.Ad-Hoc|ARM.Build.0 = Release|ARM
		{E76DD4DC-2558-4554-B15F-885DDC60566A}.Ad-Hoc|ARM.Deploy.0 = Release|ARM
		{E76DD4DC-2558-4554-B15F-885DDC60566A}.Ad-Hoc|iPhone.ActiveCfg = Release|x86
		{E76DD4DC-2558-4554-B15F-885DDC60566A}.Ad-Hoc|iPhone.Build.0 = Release|x86
		{E76DD4DC-2558-4554-B15F-885DDC60566A}.Ad-Hoc|iPhone.Deploy.0 = Release|x86
		{E76DD4DC-2558-4554-B15F-885DDC60566A}.Ad-Hoc|iPhoneSimulator.ActiveCfg = Release|x86
		{E76DD4DC-2558-4554-B15F-885DDC60566A}.Ad-Hoc|iPhoneSimulator.Build.0 = Release|x86
		{E76DD4DC-2558-4554-B15F-885DDC60566A}.Ad-Hoc|iPhoneSimulator.Deploy.0 = Release|x86
		{E76DD4DC-2558-4554-B15F-885DDC60566A}.Ad-Hoc|x64.ActiveCfg = Release|x64
		{E76DD4DC-2558-4554-B15F-885DDC60566A}.Ad-Hoc|x64.Build.0 = Release|x64
		{E76DD4DC-2558-4554-B15F-885DDC60566A}.Ad-Hoc|x64.Deploy.0 = Release|x64
		{E76DD4DC-2558-4554-B15F-885DDC60566A}.Ad-Hoc|x86.ActiveCfg = Release|x86
		{E76DD4DC-2558-4554-B15F-885DDC60566A}.Ad-Hoc|x86.Build.0 = Release|x86
		{E76DD4DC-2558-4554-B15F-885DDC60566A}.Ad-Hoc|x86.Deploy.0 = Release|x86
		{E76DD4DC-2558-4554-B15F-885DDC60566A}.AppStore|Any CPU.ActiveCfg = Release|x86
		{E76DD4DC-2558-4554-B15F-885DDC60566A}.AppStore|Any CPU.Build.0 = Release|x86
		{E76DD4DC-2558-4554-B15F-885DDC60566A}.AppStore|Any CPU.Deploy.0 = Release|x86
		{E76DD4DC-2558-4554-B15F-885DDC60566A}.AppStore|ARM.ActiveCfg = Release|ARM
		{E76DD4DC-2558-4554-B15F-885DDC60566A}.AppStore|ARM.Build.0 = Release|ARM
		{E76DD4DC-2558-4554-B15F-885DDC60566A}.AppStore|ARM.Deploy.0 = Release|ARM
		{E76DD4DC-2558-4554-B15F-885DDC60566A}.AppStore|iPhone.ActiveCfg = Release|x86
		{E76DD4DC-2558-4554-B15F-885DDC60566A}.AppStore|iPhone.Build.0 = Release|x86
		{E76DD4DC-2558-4554-B15F-885DDC60566A}.AppStore|iPhone.Deploy.0 = Release|x86
		{E76DD4DC-2558-4554-B15F-885DDC60566A}.AppStore|iPhoneSimulator.ActiveCfg = Release|x86
		{E76DD4DC-2558-4554-B15F-885DDC60566A}.AppStore|iPhoneSimulator.Build.0 = Release|x86
		{E76DD4DC-2558-4554-B15F-885DDC60566A}.AppStore|iPhoneSimulator.Deploy.0 = Release|x86
		{E76DD4DC-2558-4554-B15F-885DDC60566A}.AppStore|x64.ActiveCfg = Release|x64
		{E76DD4DC-2558-4554-B15F-885DDC60566A}.AppStore|x64.Build.0 = Release|x64
		{E76DD4DC-2558-4554-B15F-885DDC60566A}.AppStore|x64.Deploy.0 = Release|x64
		{E76DD4DC-2558-4554-B15F-885DDC60566A}.AppStore|x86.ActiveCfg = Release|x86
		{E76DD4DC-2558-4554-B15F-885DDC60566A}.AppStore|x86.Build.0 = Release|x86
		{E76DD4DC-2558-4554-B15F-885DDC60566A}.AppStore|x86.Deploy.0 = Release|x86
		{E76DD4DC-2558-4554-B15F-885DDC60566A}.Debug|Any CPU.ActiveCfg = Debug|x86
		{E76DD4DC-2558-4554-B15F-885DDC60566A}.Debug|ARM.ActiveCfg = Debug|ARM
		{E76DD4DC-2558-4554-B15F-885DDC60566A}.Debug|ARM.Build.0 = Debug|ARM
		{E76DD4DC-2558-4554-B15F-885DDC60566A}.Debug|ARM.Deploy.0 = Debug|ARM
		{E76DD4DC-2558-4554-B15F-885DDC60566A}.Debug|iPhone.ActiveCfg = Debug|x86
		{E76DD4DC-2558-4554-B15F-885DDC60566A}.Debug|iPhoneSimulator.ActiveCfg = Debug|x86
		{E76DD4DC-2558-4554-B15F-885DDC60566A}.Debug|x64.ActiveCfg = Debug|x64
		{E76DD4DC-2558-4554-B15F-885DDC60566A}.Debug|x64.Build.0 = Debug|x64
		{E76DD4DC-2558-4554-B15F-885DDC60566A}.Debug|x64.Deploy.0 = Debug|x64
		{E76DD4DC-2558-4554-B15F-885DDC60566A}.Debug|x86.ActiveCfg = Debug|x86
		{E76DD4DC-2558-4554-B15F-885DDC60566A}.Debug|x86.Build.0 = Debug|x86
		{E76DD4DC-2558-4554-B15F-885DDC60566A}.Debug|x86.Deploy.0 = Debug|x86
		{E76DD4DC-2558-4554-B15F-885DDC60566A}.Release|Any CPU.ActiveCfg = Release|x86
		{E76DD4DC-2558-4554-B15F-885DDC60566A}.Release|ARM.ActiveCfg = Release|ARM
		{E76DD4DC-2558-4554-B15F-885DDC60566A}.Release|ARM.Build.0 = Release|ARM
		{E76DD4DC-2558-4554-B15F-885DDC60566A}.Release|ARM.Deploy.0 = Release|ARM
		{E76DD4DC-2558-4554-B15F-885DDC60566A}.Release|iPhone.ActiveCfg = Release|x86
		{E76DD4DC-2558-4554-B15F-885DDC60566A}.Release|iPhoneSimulator.ActiveCfg = Release|x86
		{E76DD4DC-2558-4554-B15F-885DDC60566A}.Release|x64.ActiveCfg = Release|x64
		{E76DD4DC-2558-4554-B15F-885DDC60566A}.Release|x64.Build.0 = Release|x64
		{E76DD4DC-2558-4554-B15F-885DDC60566A}.Release|x64.Deploy.0 = Release|x64
		{E76DD4DC-2558-4554-B15F-885DDC60566A}.Release|x86.ActiveCfg = Release|x86
		{E76DD4DC-2558-4554-B15F-885DDC60566A}.Release|x86.Build.0 = Release|x86
		{E76DD4DC-2558-4554-B15F-885DDC60566A}.Release|x86.Deploy.0 = Release|x86
		{EBFBE641-281C-4AFB-9CCB-DE63E1DF8695}.Ad-Hoc|Any CPU.ActiveCfg = Debug|Any CPU
		{EBFBE641-281C-4AFB-9CCB-DE63E1DF8695}.Ad-Hoc|Any CPU.Build.0 = Debug|Any CPU
		{EBFBE641-281C-4AFB-9CCB-DE63E1DF8695}.Ad-Hoc|ARM.ActiveCfg = Debug|Any CPU
		{EBFBE641-281C-4AFB-9CCB-DE63E1DF8695}.Ad-Hoc|ARM.Build.0 = Debug|Any CPU
		{EBFBE641-281C-4AFB-9CCB-DE63E1DF8695}.Ad-Hoc|iPhone.ActiveCfg = Debug|Any CPU
		{EBFBE641-281C-4AFB-9CCB-DE63E1DF8695}.Ad-Hoc|iPhone.Build.0 = Debug|Any CPU
		{EBFBE641-281C-4AFB-9CCB-DE63E1DF8695}.Ad-Hoc|iPhoneSimulator.ActiveCfg = Debug|Any CPU
		{EBFBE641-281C-4AFB-9CCB-DE63E1DF8695}.Ad-Hoc|iPhoneSimulator.Build.0 = Debug|Any CPU
		{EBFBE641-281C-4AFB-9CCB-DE63E1DF8695}.Ad-Hoc|x64.ActiveCfg = Debug|Any CPU
		{EBFBE641-281C-4AFB-9CCB-DE63E1DF8695}.Ad-Hoc|x64.Build.0 = Debug|Any CPU
		{EBFBE641-281C-4AFB-9CCB-DE63E1DF8695}.Ad-Hoc|x86.ActiveCfg = Debug|Any CPU
		{EBFBE641-281C-4AFB-9CCB-DE63E1DF8695}.Ad-Hoc|x86.Build.0 = Debug|Any CPU
		{EBFBE641-281C-4AFB-9CCB-DE63E1DF8695}.AppStore|Any CPU.ActiveCfg = Debug|Any CPU
		{EBFBE641-281C-4AFB-9CCB-DE63E1DF8695}.AppStore|Any CPU.Build.0 = Debug|Any CPU
		{EBFBE641-281C-4AFB-9CCB-DE63E1DF8695}.AppStore|ARM.ActiveCfg = Debug|Any CPU
		{EBFBE641-281C-4AFB-9CCB-DE63E1DF8695}.AppStore|ARM.Build.0 = Debug|Any CPU
		{EBFBE641-281C-4AFB-9CCB-DE63E1DF8695}.AppStore|iPhone.ActiveCfg = Debug|Any CPU
		{EBFBE641-281C-4AFB-9CCB-DE63E1DF8695}.AppStore|iPhone.Build.0 = Debug|Any CPU
		{EBFBE641-281C-4AFB-9CCB-DE63E1DF8695}.AppStore|iPhoneSimulator.ActiveCfg = Debug|Any CPU
		{EBFBE641-281C-4AFB-9CCB-DE63E1DF8695}.AppStore|iPhoneSimulator.Build.0 = Debug|Any CPU
		{EBFBE641-281C-4AFB-9CCB-DE63E1DF8695}.AppStore|x64.ActiveCfg = Debug|Any CPU
		{EBFBE641-281C-4AFB-9CCB-DE63E1DF8695}.AppStore|x64.Build.0 = Debug|Any CPU
		{EBFBE641-281C-4AFB-9CCB-DE63E1DF8695}.AppStore|x86.ActiveCfg = Debug|Any CPU
		{EBFBE641-281C-4AFB-9CCB-DE63E1DF8695}.AppStore|x86.Build.0 = Debug|Any CPU
		{EBFBE641-281C-4AFB-9CCB-DE63E1DF8695}.Debug|Any CPU.ActiveCfg = Debug|Any CPU
		{EBFBE641-281C-4AFB-9CCB-DE63E1DF8695}.Debug|Any CPU.Build.0 = Debug|Any CPU
		{EBFBE641-281C-4AFB-9CCB-DE63E1DF8695}.Debug|ARM.ActiveCfg = Debug|Any CPU
		{EBFBE641-281C-4AFB-9CCB-DE63E1DF8695}.Debug|ARM.Build.0 = Debug|Any CPU
		{EBFBE641-281C-4AFB-9CCB-DE63E1DF8695}.Debug|iPhone.ActiveCfg = Debug|Any CPU
		{EBFBE641-281C-4AFB-9CCB-DE63E1DF8695}.Debug|iPhone.Build.0 = Debug|Any CPU
		{EBFBE641-281C-4AFB-9CCB-DE63E1DF8695}.Debug|iPhoneSimulator.ActiveCfg = Debug|Any CPU
		{EBFBE641-281C-4AFB-9CCB-DE63E1DF8695}.Debug|iPhoneSimulator.Build.0 = Debug|Any CPU
		{EBFBE641-281C-4AFB-9CCB-DE63E1DF8695}.Debug|x64.ActiveCfg = Debug|Any CPU
		{EBFBE641-281C-4AFB-9CCB-DE63E1DF8695}.Debug|x64.Build.0 = Debug|Any CPU
		{EBFBE641-281C-4AFB-9CCB-DE63E1DF8695}.Debug|x86.ActiveCfg = Debug|Any CPU
		{EBFBE641-281C-4AFB-9CCB-DE63E1DF8695}.Debug|x86.Build.0 = Debug|Any CPU
		{EBFBE641-281C-4AFB-9CCB-DE63E1DF8695}.Release|Any CPU.ActiveCfg = Release|Any CPU
		{EBFBE641-281C-4AFB-9CCB-DE63E1DF8695}.Release|Any CPU.Build.0 = Release|Any CPU
		{EBFBE641-281C-4AFB-9CCB-DE63E1DF8695}.Release|ARM.ActiveCfg = Release|Any CPU
		{EBFBE641-281C-4AFB-9CCB-DE63E1DF8695}.Release|ARM.Build.0 = Release|Any CPU
		{EBFBE641-281C-4AFB-9CCB-DE63E1DF8695}.Release|iPhone.ActiveCfg = Release|Any CPU
		{EBFBE641-281C-4AFB-9CCB-DE63E1DF8695}.Release|iPhone.Build.0 = Release|Any CPU
		{EBFBE641-281C-4AFB-9CCB-DE63E1DF8695}.Release|iPhoneSimulator.ActiveCfg = Release|Any CPU
		{EBFBE641-281C-4AFB-9CCB-DE63E1DF8695}.Release|iPhoneSimulator.Build.0 = Release|Any CPU
		{EBFBE641-281C-4AFB-9CCB-DE63E1DF8695}.Release|x64.ActiveCfg = Release|Any CPU
		{EBFBE641-281C-4AFB-9CCB-DE63E1DF8695}.Release|x64.Build.0 = Release|Any CPU
		{EBFBE641-281C-4AFB-9CCB-DE63E1DF8695}.Release|x86.ActiveCfg = Release|Any CPU
		{EBFBE641-281C-4AFB-9CCB-DE63E1DF8695}.Release|x86.Build.0 = Release|Any CPU
		{209FA716-A7AD-4095-BD70-C8710FC66FA7}.Ad-Hoc|Any CPU.ActiveCfg = Release|Any CPU
		{209FA716-A7AD-4095-BD70-C8710FC66FA7}.Ad-Hoc|Any CPU.Build.0 = Release|Any CPU
		{209FA716-A7AD-4095-BD70-C8710FC66FA7}.Ad-Hoc|ARM.ActiveCfg = Release|Any CPU
		{209FA716-A7AD-4095-BD70-C8710FC66FA7}.Ad-Hoc|ARM.Build.0 = Release|Any CPU
		{209FA716-A7AD-4095-BD70-C8710FC66FA7}.Ad-Hoc|iPhone.ActiveCfg = Release|Any CPU
		{209FA716-A7AD-4095-BD70-C8710FC66FA7}.Ad-Hoc|iPhone.Build.0 = Release|Any CPU
		{209FA716-A7AD-4095-BD70-C8710FC66FA7}.Ad-Hoc|iPhoneSimulator.ActiveCfg = Release|Any CPU
		{209FA716-A7AD-4095-BD70-C8710FC66FA7}.Ad-Hoc|iPhoneSimulator.Build.0 = Release|Any CPU
		{209FA716-A7AD-4095-BD70-C8710FC66FA7}.Ad-Hoc|x64.ActiveCfg = Release|Any CPU
		{209FA716-A7AD-4095-BD70-C8710FC66FA7}.Ad-Hoc|x64.Build.0 = Release|Any CPU
		{209FA716-A7AD-4095-BD70-C8710FC66FA7}.Ad-Hoc|x86.ActiveCfg = Release|Any CPU
		{209FA716-A7AD-4095-BD70-C8710FC66FA7}.Ad-Hoc|x86.Build.0 = Release|Any CPU
		{209FA716-A7AD-4095-BD70-C8710FC66FA7}.AppStore|Any CPU.ActiveCfg = Release|Any CPU
		{209FA716-A7AD-4095-BD70-C8710FC66FA7}.AppStore|Any CPU.Build.0 = Release|Any CPU
		{209FA716-A7AD-4095-BD70-C8710FC66FA7}.AppStore|ARM.ActiveCfg = Release|Any CPU
		{209FA716-A7AD-4095-BD70-C8710FC66FA7}.AppStore|ARM.Build.0 = Release|Any CPU
		{209FA716-A7AD-4095-BD70-C8710FC66FA7}.AppStore|iPhone.ActiveCfg = Release|Any CPU
		{209FA716-A7AD-4095-BD70-C8710FC66FA7}.AppStore|iPhone.Build.0 = Release|Any CPU
		{209FA716-A7AD-4095-BD70-C8710FC66FA7}.AppStore|iPhoneSimulator.ActiveCfg = Release|Any CPU
		{209FA716-A7AD-4095-BD70-C8710FC66FA7}.AppStore|iPhoneSimulator.Build.0 = Release|Any CPU
		{209FA716-A7AD-4095-BD70-C8710FC66FA7}.AppStore|x64.ActiveCfg = Release|Any CPU
		{209FA716-A7AD-4095-BD70-C8710FC66FA7}.AppStore|x64.Build.0 = Release|Any CPU
		{209FA716-A7AD-4095-BD70-C8710FC66FA7}.AppStore|x86.ActiveCfg = Release|Any CPU
		{209FA716-A7AD-4095-BD70-C8710FC66FA7}.AppStore|x86.Build.0 = Release|Any CPU
		{209FA716-A7AD-4095-BD70-C8710FC66FA7}.Debug|Any CPU.ActiveCfg = Debug|Any CPU
		{209FA716-A7AD-4095-BD70-C8710FC66FA7}.Debug|Any CPU.Build.0 = Debug|Any CPU
		{209FA716-A7AD-4095-BD70-C8710FC66FA7}.Debug|ARM.ActiveCfg = Debug|Any CPU
		{209FA716-A7AD-4095-BD70-C8710FC66FA7}.Debug|ARM.Build.0 = Debug|Any CPU
		{209FA716-A7AD-4095-BD70-C8710FC66FA7}.Debug|iPhone.ActiveCfg = Debug|Any CPU
		{209FA716-A7AD-4095-BD70-C8710FC66FA7}.Debug|iPhone.Build.0 = Debug|Any CPU
		{209FA716-A7AD-4095-BD70-C8710FC66FA7}.Debug|iPhoneSimulator.ActiveCfg = Debug|Any CPU
		{209FA716-A7AD-4095-BD70-C8710FC66FA7}.Debug|iPhoneSimulator.Build.0 = Debug|Any CPU
		{209FA716-A7AD-4095-BD70-C8710FC66FA7}.Debug|x64.ActiveCfg = Debug|Any CPU
		{209FA716-A7AD-4095-BD70-C8710FC66FA7}.Debug|x64.Build.0 = Debug|Any CPU
		{209FA716-A7AD-4095-BD70-C8710FC66FA7}.Debug|x86.ActiveCfg = Debug|Any CPU
		{209FA716-A7AD-4095-BD70-C8710FC66FA7}.Debug|x86.Build.0 = Debug|Any CPU
		{209FA716-A7AD-4095-BD70-C8710FC66FA7}.Release|Any CPU.ActiveCfg = Release|Any CPU
		{209FA716-A7AD-4095-BD70-C8710FC66FA7}.Release|Any CPU.Build.0 = Release|Any CPU
		{209FA716-A7AD-4095-BD70-C8710FC66FA7}.Release|ARM.ActiveCfg = Release|Any CPU
		{209FA716-A7AD-4095-BD70-C8710FC66FA7}.Release|ARM.Build.0 = Release|Any CPU
		{209FA716-A7AD-4095-BD70-C8710FC66FA7}.Release|iPhone.ActiveCfg = Release|Any CPU
		{209FA716-A7AD-4095-BD70-C8710FC66FA7}.Release|iPhone.Build.0 = Release|Any CPU
		{209FA716-A7AD-4095-BD70-C8710FC66FA7}.Release|iPhoneSimulator.ActiveCfg = Release|Any CPU
		{209FA716-A7AD-4095-BD70-C8710FC66FA7}.Release|iPhoneSimulator.Build.0 = Release|Any CPU
		{209FA716-A7AD-4095-BD70-C8710FC66FA7}.Release|x64.ActiveCfg = Release|Any CPU
		{209FA716-A7AD-4095-BD70-C8710FC66FA7}.Release|x64.Build.0 = Release|Any CPU
		{209FA716-A7AD-4095-BD70-C8710FC66FA7}.Release|x86.ActiveCfg = Release|Any CPU
		{209FA716-A7AD-4095-BD70-C8710FC66FA7}.Release|x86.Build.0 = Release|Any CPU
	EndGlobalSection
	GlobalSection(SolutionProperties) = preSolution
		HideSolutionNode = FALSE
	EndGlobalSection
	GlobalSection(ExtensibilityGlobals) = postSolution
		SolutionGuid = {715BEEB2-3FE8-41F8-AD81-1B8BAD2B8E89}
	EndGlobalSection
EndGlobal
